{
  "buildHash": "ca8ab31b68a0c5b51fb2fdb40f74ce8a",
  "versionHash": "d233662f9c26d1a06118c93ef2fd1de9",
  "api": {
    "apiNames": {
      "ruby": "JSXChildren a => List Attribute -> List a -> Element",
      "span": "JSXChildren a => List Attribute -> List a -> Element",
      "h4": "JSXChildren a => List Attribute -> List a -> Element",
      "article": "JSXChildren a => List Attribute -> List a -> Element",
      "wbr": "JSXChildren a => List Attribute -> List a -> Element",
      "onClick": "(a -> Event -> List (Wish (a -> a) (a -> a))) -> Attribute",
      "onChange": "(a -> Event -> List (Wish (a -> a) (a -> a))) -> Attribute",
      "datalist": "JSXChildren a => List Attribute -> List a -> Element",
      "tag": "JSXChildren a => String -> List Attribute -> List a -> Element",
      "h2": "JSXChildren a => List Attribute -> List a -> Element",
      "h5": "JSXChildren a => List Attribute -> List a -> Element",
      "time": "JSXChildren a => List Attribute -> List a -> Element",
      "empty": "JSXChildren a => List Attribute -> List a -> Element",
      "progress": "JSXChildren a => List Attribute -> List a -> Element",
      "mark": "JSXChildren a => List Attribute -> List a -> Element",
      "text": "String -> Element",
      "br": "JSXChildren a => List Attribute -> List a -> Element",
      "link": "JSXChildren a => List Attribute -> List a -> Element",
      "onUrlChanged": "(a -> Event -> List (Wish (a -> a) (a -> a))) -> ()",
      "p": "JSXChildren a => List Attribute -> List a -> Element",
      "renderWithSubscriptions": "(a -> Element) -> a -> List (((a -> a) -> ()) -> ()) -> String -> ()",
      "ol": "JSXChildren a => List Attribute -> List a -> Element",
      "blockquote": "JSXChildren a => List Attribute -> List a -> Element",
      "to": "String -> Attribute",
      "value": "String -> Attribute",
      "h3": "JSXChildren a => List Attribute -> List a -> Element",
      "img": "JSXChildren a => List Attribute -> List a -> Element",
      "embed": "JSXChildren a => List Attribute -> List a -> Element",
      "strong": "JSXChildren a => List Attribute -> List a -> Element",
      "main": "JSXChildren a => List Attribute -> List a -> Element",
      "button": "JSXChildren a => List Attribute -> List a -> Element",
      "input": "JSXChildren a => List Attribute -> List a -> Element",
      "onMouseOver": "(a -> Event -> List (Wish (a -> a) (a -> a))) -> Attribute",
      "h6": "JSXChildren a => List Attribute -> List a -> Element",
      "syncAction": "(a -> Event -> a) -> a -> Event -> List (Wish (a -> a) (a -> a))",
      "ul": "JSXChildren a => List Attribute -> List a -> Element",
      "a": "JSXChildren a => List Attribute -> List a -> Element",
      "nav": "JSXChildren a => List Attribute -> List a -> Element",
      "video": "JSXChildren a => List Attribute -> List a -> Element",
      "onKeyPress": "(a -> Event -> List (Wish (a -> a) (a -> a))) -> Attribute",
      "onTransitionEnd": "(a -> Event -> List (Wish (a -> a) (a -> a))) -> Attribute",
      "href": "String -> Attribute",
      "key": "String -> Attribute",
      "header": "JSXChildren a => List Attribute -> List a -> Element",
      "output": "JSXChildren a => List Attribute -> List a -> Element",
      "onInput": "(a -> Event -> List (Wish (a -> a) (a -> a))) -> Attribute",
      "hgroup": "JSXChildren a => List Attribute -> List a -> Element",
      "aside": "JSXChildren a => List Attribute -> List a -> Element",
      "details": "JSXChildren a => List Attribute -> List a -> Element",
      "figure": "JSXChildren a => List Attribute -> List a -> Element",
      "src": "String -> Attribute",
      "render": "(a -> Element) -> a -> String -> ()",
      "code": "JSXChildren a => List Attribute -> List a -> Element",
      "id": "String -> Attribute",
      "footer": "JSXChildren a => List Attribute -> List a -> Element",
      "li": "JSXChildren a => List Attribute -> List a -> Element",
      "getUrl": "() -> String",
      "canvas": "JSXChildren a => List Attribute -> List a -> Element",
      "title": "String -> Attribute",
      "div": "JSXChildren a => List Attribute -> List a -> Element",
      "option": "JSXChildren a => List Attribute -> List a -> Element",
      "placeholder": "String -> Attribute",
      "onMouseOut": "(a -> Event -> List (Wish (a -> a) (a -> a))) -> Attribute",
      "form": "JSXChildren a => List Attribute -> List a -> Element",
      "audio": "JSXChildren a => List Attribute -> List a -> Element",
      "inputType": "String -> Attribute",
      "className": "String -> Attribute",
      "section": "JSXChildren a => List Attribute -> List a -> Element",
      "h1": "JSXChildren a => List Attribute -> List a -> Element",
      "i": "JSXChildren a => List Attribute -> List a -> Element",
      "alt": "String -> Attribute"
    },
    "apiInstances": [
      "JSXChildren ()",
      "JSXChildren String",
      "JSXChildren Element"
    ],
    "apiAliases": {
      "Action a": "(a -> Event -> List (Wish (a -> a) (a -> a)))",
      "Subscription a": "((a -> a -> ()) -> ())"
    },
    "apiTypes": {
      "Attribute": [
        "AttributeId String",
        "AttributeClass String",
        "AttributeValue String",
        "AttributePlaceholder String",
        "AttributeType String",
        "AttributeKey String",
        "AttributeHref String",
        "AttributeSrc String",
        "AttributeTitle String",
        "AttributeAlt String",
        "AttributeTo String",
        "AttributeOnClick (Action a)",
        "AttributeOnMouseOver (Action a)",
        "AttributeOnMouseOut (Action a)",
        "AttributeOnChange (Action a)",
        "AttributeOnInput (Action a)",
        "AttributeOnKeyPress (Action a)",
        "AttributeOnTransitionEnd (Action a)"
      ],
      "Event": [
        "AbstractEvent { eventType :: String }",
        "ClickEvent { eventType :: String }",
        "InputEvent { eventType :: String, target :: { value :: String } }",
        "KeyPressEvent { eventType :: String, key :: Key }",
        "UrlEvent { url :: String }"
      ],
      "Key": [
        "KEY_ENTER",
        "KEY_BACKSPACE",
        "KEY_ANY"
      ],
      "Element": [
        "Element"
      ]
    },
    "apiInterfaces": {
      "JSXChildren a": {
        "toElement": "a -> Element"
      }
    }
  }
}
