{
  "buildHash": "b117ce5d0c34937ceb74706629fcfd17",
  "versionHash": "25e64aa754c310d45c1e084d574c1bb0",
  "api": {
    "apiNames": {
      "span": "List Attribute -> List Element -> Element",
      "h4": "List Attribute -> List Element -> Element",
      "onClick": "(a -> Event -> List (Wish (a -> a) (a -> a))) -> Attribute",
      "onChange": "(a -> Event -> List (Wish (a -> a) (a -> a))) -> Attribute",
      "tag": "String -> List Attribute -> List Element -> Element",
      "h2": "List Attribute -> List Element -> Element",
      "h5": "List Attribute -> List Element -> Element",
      "empty": "List Attribute -> List Element -> Element",
      "text": "String -> Element",
      "br": "List Attribute -> List Element -> Element",
      "link": "List Attribute -> List Element -> Element",
      "onUrlChanged": "(a -> Event -> List (Wish (a -> a) (a -> a))) -> ()",
      "p": "List Attribute -> List Element -> Element",
      "renderWithSubscriptions": "(a -> Element) -> a -> List (((a -> a) -> ()) -> ()) -> String -> ()",
      "ol": "List Attribute -> List Element -> Element",
      "blockquote": "List Attribute -> List Element -> Element",
      "to": "String -> Attribute",
      "value": "String -> Attribute",
      "h3": "List Attribute -> List Element -> Element",
      "img": "List Attribute -> List Element -> Element",
      "strong": "List Attribute -> List Element -> Element",
      "main": "List Attribute -> List Element -> Element",
      "button": "List Attribute -> List Element -> Element",
      "input": "List Attribute -> List Element -> Element",
      "onMouseOver": "(a -> Event -> List (Wish (a -> a) (a -> a))) -> Attribute",
      "h6": "List Attribute -> List Element -> Element",
      "syncAction": "(a -> Event -> a) -> a -> Event -> List (Wish (a -> a) (a -> a))",
      "ul": "List Attribute -> List Element -> Element",
      "a": "List Attribute -> List Element -> Element",
      "onKeyPress": "(a -> Event -> List (Wish (a -> a) (a -> a))) -> Attribute",
      "onTransitionEnd": "(a -> Event -> List (Wish (a -> a) (a -> a))) -> Attribute",
      "href": "String -> Attribute",
      "key": "String -> Attribute",
      "header": "List Attribute -> List Element -> Element",
      "onInput": "(a -> Event -> List (Wish (a -> a) (a -> a))) -> Attribute",
      "aside": "List Attribute -> List Element -> Element",
      "src": "String -> Attribute",
      "render": "(a -> Element) -> a -> String -> ()",
      "code": "List Attribute -> List Element -> Element",
      "id": "String -> Attribute",
      "footer": "List Attribute -> List Element -> Element",
      "li": "List Attribute -> List Element -> Element",
      "getUrl": "() -> String",
      "title": "String -> Attribute",
      "div": "List Attribute -> List Element -> Element",
      "placeholder": "String -> Attribute",
      "onMouseOut": "(a -> Event -> List (Wish (a -> a) (a -> a))) -> Attribute",
      "form": "List Attribute -> List Element -> Element",
      "inputType": "String -> Attribute",
      "className": "String -> Attribute",
      "section": "List Attribute -> List Element -> Element",
      "h1": "List Attribute -> List Element -> Element",
      "i": "List Attribute -> List Element -> Element",
      "alt": "String -> Attribute"
    },
    "apiInstances": [],
    "apiAliases": {
      "View a": "(a -> Element)",
      "Action a": "(a -> Event -> List (Wish (a -> a) (a -> a)))",
      "Subscription a": "((a -> a -> ()) -> ())"
    },
    "apiTypes": {
      "Attribute": [
        "AttributeId String",
        "AttributeClass String",
        "AttributeValue String",
        "AttributePlaceholder String",
        "AttributeType String",
        "AttributeKey String",
        "AttributeHref String",
        "AttributeSrc String",
        "AttributeTitle String",
        "AttributeAlt String",
        "AttributeTo String",
        "AttributeOnClick (Action a)",
        "AttributeOnMouseOver (Action a)",
        "AttributeOnMouseOut (Action a)",
        "AttributeOnChange (Action a)",
        "AttributeOnInput (Action a)",
        "AttributeOnKeyPress (Action a)",
        "AttributeOnTransitionEnd (Action a)"
      ],
      "Event": [
        "AbstractEvent { eventType :: String }",
        "ClickEvent { eventType :: String }",
        "InputEvent { eventType :: String, target :: { value :: String } }",
        "KeyPressEvent { eventType :: String, key :: Key }",
        "UrlEvent { url :: String }"
      ],
      "Key": [
        "KEY_ENTER",
        "KEY_BACKSPACE",
        "KEY_ANY"
      ],
      "Element": [
        "Element"
      ]
    },
    "apiInterfaces": {}
  }
}
